PODS:
  - Alamofire (4.7.3)
  - AlamofireObjectMapper (5.1.0):
    - Alamofire (~> 4.1)
    - ObjectMapper (~> 3.3)
  - BigInt (3.1.0):
    - SipHash (~> 1.2)
  - CryptoSwift (0.10.0)
  - Kingfisher (4.8.1)
  - libsodium (1.0.12)
  - ObjectMapper (3.3.0)
  - PromiseKit (6.3.4):
    - PromiseKit/CorePromise (= 6.3.4)
    - PromiseKit/Foundation (= 6.3.4)
    - PromiseKit/UIKit (= 6.3.4)
  - PromiseKit/CorePromise (6.3.4)
  - PromiseKit/Foundation (6.3.4):
    - PromiseKit/CorePromise
  - PromiseKit/UIKit (6.3.4):
    - PromiseKit/CorePromise
  - Result (3.0.0)
  - secp256k1_ios (0.1.3)
  - SipHash (1.2.2)
  - SwiftyJSON (4.1.0)
  - web3swift (1.1.1):
    - BigInt (~> 3.1.0)
    - CryptoSwift (~> 0.10.0)
    - libsodium (~> 1.0.12)
    - PromiseKit (~> 6.3.0)
    - Result (~> 3.0.0)
    - secp256k1_ios (~> 0.1.3)
  - XLPagerTabStrip (8.0.1)

DEPENDENCIES:
  - Alamofire
  - AlamofireObjectMapper
  - Kingfisher
  - ObjectMapper
  - SwiftyJSON
  - web3swift
  - XLPagerTabStrip

SPEC REPOS:
  https://github.com/cocoapods/specs.git:
    - Alamofire
    - AlamofireObjectMapper
    - BigInt
    - CryptoSwift
    - Kingfisher
    - libsodium
    - ObjectMapper
    - PromiseKit
    - Result
    - secp256k1_ios
    - SipHash
    - SwiftyJSON
    - web3swift
    - XLPagerTabStrip

SPEC CHECKSUMS:
  Alamofire: c7287b6e5d7da964a70935e5db17046b7fde6568
  AlamofireObjectMapper: 3395e698901d8b0e6f48b7d0c43bd47875325102
  BigInt: 76b5dfdfa3e2e478d4ffdf161aeede5502e2742f
  CryptoSwift: 6c778d69282bed3b4e975ff97a79d074f20bb011
  Kingfisher: 868c1149679a7ab6869be118faa9b5aed154aaf0
  libsodium: 9a8faa5ef2fa0d2d57bd7f7d79bf8fb7c1a9f0ea
  ObjectMapper: b612bf8c8e99c4dc0bb6013a51f7c27966ed5da9
  PromiseKit: e1425568123ec844a944c93f2bcb29d511d39cf5
  Result: 1b3e431f37cbcd3ad89c6aa9ab0ae55515fae3b6
  secp256k1_ios: ac9ef04e761f43c58012b28548afa91493761f17
  SipHash: fad90a4683e420c52ef28063063dbbce248ea6d4
  SwiftyJSON: c29297daf073d2aa016295d5809cdd68045c39b3
  web3swift: 4b4e4a0dd16e7081b7190bf8596c5638f313a498
  XLPagerTabStrip: c908b17cbf42fcd2598ee1adfc49bae25444d88a

PODFILE CHECKSUM: 809187656b244e64be24ffc6fe7bdb2ef9e002e6

COCOAPODS: 1.5.3
